PODS:
  - IBMMobileFirstPlatformFoundation (8.0.2018111416)

DEPENDENCIES:
  - IBMMobileFirstPlatformFoundation

SPEC REPOS:
  https://github.com/CocoaPods/Specs.git:
    - IBMMobileFirstPlatformFoundation

SPEC CHECKSUMS:
  IBMMobileFirstPlatformFoundation: 374872f2bede564f1b755e2ad34c71ef3406af9a

PODFILE CHECKSUM: 520710c32c2304e4bfd1b8a6b373927552548b6c

COCOAPODS: 1.5.0
